// !$*UTF8*$!
{
	archiveVersion = 1;
	classes = {
	};
	objectVersion = 48;
	objects = {

/* Begin PBXBuildFile section */
		85E140C124A1DB250013883C /* Assets.xcassets in Resources */ = {isa = PBXBuildFile; fileRef = 85E140C024A1DB250013883C /* Assets.xcassets */; };
		85E140D024A1DCC30013883C /* GLUT.framework in Frameworks */ = {isa = PBXBuildFile; fileRef = 85E140CF24A1DCC30013883C /* GLUT.framework */; };
		85E140D224A1DCD60013883C /* OpenGL.framework in Frameworks */ = {isa = PBXBuildFile; fileRef = 85E140D124A1DCD60013883C /* OpenGL.framework */; };
		85E140D424A1E09A0013883C /* libgltools.a in Frameworks */ = {isa = PBXBuildFile; fileRef = 85E140D324A1E09A0013883C /* libgltools.a */; };
		85E140D624A1E0C80013883C /* main.cpp in Sources */ = {isa = PBXBuildFile; fileRef = 85E140D524A1E0C80013883C /* main.cpp */; };
		85E140D824A1E8C10013883C /* libGLEW.a in Frameworks */ = {isa = PBXBuildFile; fileRef = 85E140D724A1E8C10013883C /* libGLEW.a */; };
/* End PBXBuildFile section */

/* Begin PBXFileReference section */
		85E140BA24A1DB250013883C /* GLDemo.app */ = {isa = PBXFileReference; explicitFileType = wrapper.application; includeInIndex = 0; path = GLDemo.app; sourceTree = BUILT_PRODUCTS_DIR; };
		85E140C024A1DB250013883C /* Assets.xcassets */ = {isa = PBXFileReference; lastKnownFileType = folder.assetcatalog; path = Assets.xcassets; sourceTree = "<group>"; };
		85E140C524A1DB250013883C /* Info.plist */ = {isa = PBXFileReference; lastKnownFileType = text.plist.xml; path = Info.plist; sourceTree = "<group>"; };
		85E140C824A1DB250013883C /* GLDemo.entitlements */ = {isa = PBXFileReference; lastKnownFileType = text.plist.entitlements; path = GLDemo.entitlements; sourceTree = "<group>"; };
		85E140CF24A1DCC30013883C /* GLUT.framework */ = {isa = PBXFileReference; lastKnownFileType = wrapper.framework; name = GLUT.framework; path = System/Library/Frameworks/GLUT.framework; sourceTree = SDKROOT; };
		85E140D124A1DCD60013883C /* OpenGL.framework */ = {isa = PBXFileReference; lastKnownFileType = wrapper.framework; name = OpenGL.framework; path = System/Library/Frameworks/OpenGL.framework; sourceTree = SDKROOT; };
		85E140D324A1E09A0013883C /* libgltools.a */ = {isa = PBXFileReference; lastKnownFileType = archive.ar; name = libgltools.a; path = ../../../../../usr/local/lib/libgltools.a; sourceTree = "<group>"; };
		85E140D524A1E0C80013883C /* main.cpp */ = {isa = PBXFileReference; lastKnownFileType = sourcecode.cpp.cpp; path = main.cpp; sourceTree = "<group>"; };
		85E140D724A1E8C10013883C /* libGLEW.a */ = {isa = PBXFileReference; lastKnownFileType = archive.ar; name = libGLEW.a; path = ../../../../../usr/local/Cellar/glew/2.1.0_1/lib/libGLEW.a; sourceTree = "<group>"; };
/* End PBXFileReference section */

/* Begin PBXFrameworksBuildPhase section */
		85E140B724A1DB250013883C /* Frameworks */ = {
			isa = PBXFrameworksBuildPhase;
			buildActionMask = 2147483647;
			files = (
				85E140D824A1E8C10013883C /* libGLEW.a in Frameworks */,
				85E140D424A1E09A0013883C /* libgltools.a in Frameworks */,
				85E140D224A1DCD60013883C /* OpenGL.framework in Frameworks */,
				85E140D024A1DCC30013883C /* GLUT.framework in Frameworks */,
			);
			runOnlyForDeploymentPostprocessing = 0;
		};
/* End PBXFrameworksBuildPhase section */

/* Begin PBXGroup section */
		85E140B124A1DB250013883C = {
			isa = PBXGroup;
			children = (
				85E140BC24A1DB250013883C /* GLDemo */,
				85E140BB24A1DB250013883C /* Products */,
				85E140CE24A1DCC30013883C /* Frameworks */,
			);
			sourceTree = "<group>";
		};
		85E140BB24A1DB250013883C /* Products */ = {
			isa = PBXGroup;
			children = (
				85E140BA24A1DB250013883C /* GLDemo.app */,
			);
			name = Products;
			sourceTree = "<group>";
		};
		85E140BC24A1DB250013883C /* GLDemo */ = {
			isa = PBXGroup;
			children = (
				85E140C024A1DB250013883C /* Assets.xcassets */,
				85E140C524A1DB250013883C /* Info.plist */,
				85E140C824A1DB250013883C /* GLDemo.entitlements */,
				85E140D524A1E0C80013883C /* main.cpp */,
			);
			path = GLDemo;
			sourceTree = "<group>";
		};
		85E140CE24A1DCC30013883C /* Frameworks */ = {
			isa = PBXGroup;
			children = (
				85E140D724A1E8C10013883C /* libGLEW.a */,
				85E140D324A1E09A0013883C /* libgltools.a */,
				85E140D124A1DCD60013883C /* OpenGL.framework */,
				85E140CF24A1DCC30013883C /* GLUT.framework */,
			);
			name = Frameworks;
			sourceTree = "<group>";
		};
/* End PBXGroup section */

/* Begin PBXNativeTarget section */
		85E140B924A1DB250013883C /* GLDemo */ = {
			isa = PBXNativeTarget;
			buildConfigurationList = 85E140CB24A1DB250013883C /* Build configuration list for PBXNativeTarget "GLDemo" */;
			buildPhases = (
				85E140B624A1DB250013883C /* Sources */,
				85E140B724A1DB250013883C /* Frameworks */,
				85E140B824A1DB250013883C /* Resources */,
			);
			buildRules = (
			);
			dependencies = (
			);
			name = GLDemo;
			productName = GLDemo;
			productReference = 85E140BA24A1DB250013883C /* GLDemo.app */;
			productType = "com.apple.product-type.application";
		};
/* End PBXNativeTarget section */

/* Begin PBXProject section */
		85E140B224A1DB250013883C /* Project object */ = {
			isa = PBXProject;
			attributes = {
				LastUpgradeCheck = 0920;
				ORGANIZATIONNAME = janroid;
				TargetAttributes = {
					85E140B924A1DB250013883C = {
						CreatedOnToolsVersion = 9.2;
						ProvisioningStyle = Automatic;
					};
				};
			};
			buildConfigurationList = 85E140B524A1DB250013883C /* Build configuration list for PBXProject "GLDemo" */;
			compatibilityVersion = "Xcode 8.0";
			developmentRegion = en;
			hasScannedForEncodings = 0;
			knownRegions = (
				en,
				Base,
			);
			mainGroup = 85E140B124A1DB250013883C;
			productRefGroup = 85E140BB24A1DB250013883C /* Products */;
			projectDirPath = "";
			projectRoot = "";
			targets = (
				85E140B924A1DB250013883C /* GLDemo */,
			);
		};
/* End PBXProject section */

/* Begin PBXResourcesBuildPhase section */
		85E140B824A1DB250013883C /* Resources */ = {
			isa = PBXResourcesBuildPhase;
			buildActionMask = 2147483647;
			files = (
				85E140C124A1DB250013883C /* Assets.xcassets in Resources */,
			);
			runOnlyForDeploymentPostprocessing = 0;
		};
/* End PBXResourcesBuildPhase section */

/* Begin PBXSourcesBuildPhase section */
		85E140B624A1DB250013883C /* Sources */ = {
			isa = PBXSourcesBuildPhase;
			buildActionMask = 2147483647;
			files = (
				85E140D624A1E0C80013883C /* main.cpp in Sources */,
			);
			runOnlyForDeploymentPostprocessing = 0;
		};
/* End PBXSourcesBuildPhase section */

/* Begin XCBuildConfiguration section */
		85E140C924A1DB250013883C /* Debug */ = {
			isa = XCBuildConfiguration;
			buildSettings = {
				ALWAYS_SEARCH_USER_PATHS = NO;
				CLANG_ANALYZER_NONNULL = YES;
				CLANG_ANALYZER_NUMBER_OBJECT_CONVERSION = YES_AGGRESSIVE;
				CLANG_CXX_LANGUAGE_STANDARD = "gnu++14";
				CLANG_CXX_LIBRARY = "libc++";
				CLANG_ENABLE_MODULES = YES;
				CLANG_ENABLE_OBJC_ARC = YES;
				CLANG_WARN_BLOCK_CAPTURE_AUTORELEASING = YES;
				CLANG_WARN_BOOL_CONVERSION = YES;
				CLANG_WARN_COMMA = YES;
				CLANG_WARN_CONSTANT_CONVERSION = YES;
				CLANG_WARN_DIRECT_OBJC_ISA_USAGE = YES_ERROR;
				CLANG_WARN_DOCUMENTATION_COMMENTS = YES;
				CLANG_WARN_EMPTY_BODY = YES;
				CLANG_WARN_ENUM_CONVERSION = YES;
				CLANG_WARN_INFINITE_RECURSION = YES;
				CLANG_WARN_INT_CONVERSION = YES;
				CLANG_WARN_NON_LITERAL_NULL_CONVERSION = YES;
				CLANG_WARN_OBJC_LITERAL_CONVERSION = YES;
				CLANG_WARN_OBJC_ROOT_CLASS = YES_ERROR;
				CLANG_WARN_RANGE_LOOP_ANALYSIS = YES;
				CLANG_WARN_STRICT_PROTOTYPES = YES;
				CLANG_WARN_SUSPICIOUS_MOVE = YES;
				CLANG_WARN_UNGUARDED_AVAILABILITY = YES_AGGRESSIVE;
				CLANG_WARN_UNREACHABLE_CODE = YES;
				CLANG_WARN__DUPLICATE_METHOD_MATCH = YES;
				CODE_SIGN_IDENTITY = "-";
				COPY_PHASE_STRIP = NO;
				DEBUG_INFORMATION_FORMAT = dwarf;
				ENABLE_STRICT_OBJC_MSGSEND = YES;
				ENABLE_TESTABILITY = YES;
				GCC_C_LANGUAGE_STANDARD = gnu11;
				GCC_DYNAMIC_NO_PIC = NO;
				GCC_NO_COMMON_BLOCKS = YES;
				GCC_OPTIMIZATION_LEVEL = 0;
				GCC_PREPROCESSOR_DEFINITIONS = (
					"DEBUG=1",
					"$(inherited)",
				);
				GCC_WARN_64_TO_32_BIT_CONVERSION = YES;
				GCC_WARN_ABOUT_RETURN_TYPE = YES_ERROR;
				GCC_WARN_UNDECLARED_SELECTOR = YES;
				GCC_WARN_UNINITIALIZED_AUTOS = YES_AGGRESSIVE;
				GCC_WARN_UNUSED_FUNCTION = YES;
				GCC_WARN_UNUSED_VARIABLE = YES;
				MACOSX_DEPLOYMENT_TARGET = 10.13;
				MTL_ENABLE_DEBUG_INFO = YES;
				ONLY_ACTIVE_ARCH = YES;
				SDKROOT = macosx;
			};
			name = Debug;
		};
		85E140CA24A1DB250013883C /* Release */ = {
			isa = XCBuildConfiguration;
			buildSettings = {
				ALWAYS_SEARCH_USER_PATHS = NO;
				CLANG_ANALYZER_NONNULL = YES;
				CLANG_ANALYZER_NUMBER_OBJECT_CONVERSION = YES_AGGRESSIVE;
				CLANG_CXX_LANGUAGE_STANDARD = "gnu++14";
				CLANG_CXX_LIBRARY = "libc++";
				CLANG_ENABLE_MODULES = YES;
				CLANG_ENABLE_OBJC_ARC = YES;
				CLANG_WARN_BLOCK_CAPTURE_AUTORELEASING = YES;
				CLANG_WARN_BOOL_CONVERSION = YES;
				CLANG_WARN_COMMA = YES;
				CLANG_WARN_CONSTANT_CONVERSION = YES;
				CLANG_WARN_DIRECT_OBJC_ISA_USAGE = YES_ERROR;
				CLANG_WARN_DOCUMENTATION_COMMENTS = YES;
				CLANG_WARN_EMPTY_BODY = YES;
				CLANG_WARN_ENUM_CONVERSION = YES;
				CLANG_WARN_INFINITE_RECURSION = YES;
				CLANG_WARN_INT_CONVERSION = YES;
				CLANG_WARN_NON_LITERAL_NULL_CONVERSION = YES;
				CLANG_WARN_OBJC_LITERAL_CONVERSION = YES;
				CLANG_WARN_OBJC_ROOT_CLASS = YES_ERROR;
				CLANG_WARN_RANGE_LOOP_ANALYSIS = YES;
				CLANG_WARN_STRICT_PROTOTYPES = YES;
				CLANG_WARN_SUSPICIOUS_MOVE = YES;
				CLANG_WARN_UNGUARDED_AVAILABILITY = YES_AGGRESSIVE;
				CLANG_WARN_UNREACHABLE_CODE = YES;
				CLANG_WARN__DUPLICATE_METHOD_MATCH = YES;
				CODE_SIGN_IDENTITY = "-";
				COPY_PHASE_STRIP = NO;
				DEBUG_INFORMATION_FORMAT = "dwarf-with-dsym";
				ENABLE_NS_ASSERTIONS = NO;
				ENABLE_STRICT_OBJC_MSGSEND = YES;
				GCC_C_LANGUAGE_STANDARD = gnu11;
				GCC_NO_COMMON_BLOCKS = YES;
				GCC_WARN_64_TO_32_BIT_CONVERSION = YES;
				GCC_WARN_ABOUT_RETURN_TYPE = YES_ERROR;
				GCC_WARN_UNDECLARED_SELECTOR = YES;
				GCC_WARN_UNINITIALIZED_AUTOS = YES_AGGRESSIVE;
				GCC_WARN_UNUSED_FUNCTION = YES;
				GCC_WARN_UNUSED_VARIABLE = YES;
				MACOSX_DEPLOYMENT_TARGET = 10.13;
				MTL_ENABLE_DEBUG_INFO = NO;
				SDKROOT = macosx;
			};
			name = Release;
		};
		85E140CC24A1DB250013883C /* Debug */ = {
			isa = XCBuildConfiguration;
			buildSettings = {
				ASSETCATALOG_COMPILER_APPICON_NAME = AppIcon;
				CODE_SIGN_ENTITLEMENTS = GLDemo/GLDemo.entitlements;
				CODE_SIGN_STYLE = Automatic;
				COMBINE_HIDPI_IMAGES = YES;
				HEADER_SEARCH_PATHS = "$(gltools_header)";
				INFOPLIST_FILE = GLDemo/Info.plist;
				LD_RUNPATH_SEARCH_PATHS = "$(inherited) @executable_path/../Frameworks";
				LIBRARY_SEARCH_PATHS = (
					"$(gltools_lib)",
					/usr/local/Cellar/glew/2.1.0_1/lib,
				);
				OTHER_LDFLAGS = "";
				PRODUCT_BUNDLE_IDENTIFIER = boyaa.GLDemo;
				PRODUCT_NAME = "$(TARGET_NAME)";
			};
			name = Debug;
		};
		85E140CD24A1DB250013883C /* Release */ = {
			isa = XCBuildConfiguration;
			buildSettings = {
				ASSETCATALOG_COMPILER_APPICON_NAME = AppIcon;
				CODE_SIGN_ENTITLEMENTS = GLDemo/GLDemo.entitlements;
				CODE_SIGN_STYLE = Automatic;
				COMBINE_HIDPI_IMAGES = YES;
				HEADER_SEARCH_PATHS = "$(gltools_header)";
				INFOPLIST_FILE = GLDemo/Info.plist;
				LD_RUNPATH_SEARCH_PATHS = "$(inherited) @executable_path/../Frameworks";
				LIBRARY_SEARCH_PATHS = (
					"$(gltools_lib)",
					/usr/local/Cellar/glew/2.1.0_1/lib,
				);
				OTHER_LDFLAGS = "";
				PRODUCT_BUNDLE_IDENTIFIER = boyaa.GLDemo;
				PRODUCT_NAME = "$(TARGET_NAME)";
			};
			name = Release;
		};
/* End XCBuildConfiguration section */

/* Begin XCConfigurationList section */
		85E140B524A1DB250013883C /* Build configuration list for PBXProject "GLDemo" */ = {
			isa = XCConfigurationList;
			buildConfigurations = (
				85E140C924A1DB250013883C /* Debug */,
				85E140CA24A1DB250013883C /* Release */,
			);
			defaultConfigurationIsVisible = 0;
			defaultConfigurationName = Release;
		};
		85E140CB24A1DB250013883C /* Build configuration list for PBXNativeTarget "GLDemo" */ = {
			isa = XCConfigurationList;
			buildConfigurations = (
				85E140CC24A1DB250013883C /* Debug */,
				85E140CD24A1DB250013883C /* Release */,
			);
			defaultConfigurationIsVisible = 0;
			defaultConfigurationName = Release;
		};
/* End XCConfigurationList section */
	};
	rootObject = 85E140B224A1DB250013883C /* Project object */;
}
